
Microsoft Visual Studio Solution File, Format Version 12.00
# Visual Studio Version 17
VisualStudioVersion = 17.5.002.0
MinimumVisualStudioVersion = 10.0.40219.1
Project("{9A19103F-16F7-4668-BE54-9A1E7A4F7556}") = "BinaryTree", "BinaryTree.csproj", "{C033AA73-F0BF-4D86-B04E-A2256F0B7DFA}"
EndProject
Global
	GlobalSection(SolutionConfigurationPlatforms) = preSolution
		Debug|Any CPU = Debug|Any CPU
		Release|Any CPU = Release|Any CPU
	EndGlobalSection
	GlobalSection(ProjectConfigurationPlatforms) = postSolution
		{C033AA73-F0BF-4D86-B04E-A2256F0B7DFA}.Debug|Any CPU.ActiveCfg = Debug|Any CPU
		{C033AA73-F0BF-4D86-B04E-A2256F0B7DFA}.Debug|Any CPU.Build.0 = Debug|Any CPU
		{C033AA73-F0BF-4D86-B04E-A2256F0B7DFA}.Release|Any CPU.ActiveCfg = Release|Any CPU
		{C033AA73-F0BF-4D86-B04E-A2256F0B7DFA}.Release|Any CPU.Build.0 = Release|Any CPU
	EndGlobalSection
	GlobalSection(SolutionProperties) = preSolution
		HideSolutionNode = FALSE
	EndGlobalSection
	GlobalSection(ExtensibilityGlobals) = postSolution
		SolutionGuid = {AB3788CC-5269-4954-89A4-2506D5453955}
	EndGlobalSection
EndGlobal
